
Microsoft Visual Studio Solution File, Format Version 12.00
# Visual Studio Version 16
VisualStudioVersion = 16.0.30128.74
MinimumVisualStudioVersion = 10.0.40219.1
Project("{FAE04EC0-301F-11D3-BF4B-00C04F79EFBC}") = "ImageFilterApp", "ImageFilterApp\ImageFilterApp.csproj", "{A0F43B18-4B67-4937-A5B9-509EE05B75BD}"
EndProject
Global
	GlobalSection(SolutionConfigurationPlatforms) = preSolution
		Debug|Any CPU = Debug|Any CPU
		Release|Any CPU = Release|Any CPU
	EndGlobalSection
	GlobalSection(ProjectConfigurationPlatforms) = postSolution
		{A0F43B18-4B67-4937-A5B9-509EE05B75BD}.Debug|Any CPU.ActiveCfg = Debug|Any CPU
		{A0F43B18-4B67-4937-A5B9-509EE05B75BD}.Debug|Any CPU.Build.0 = Debug|Any CPU
		{A0F43B18-4B67-4937-A5B9-509EE05B75BD}.Release|Any CPU.ActiveCfg = Release|Any CPU
		{A0F43B18-4B67-4937-A5B9-509EE05B75BD}.Release|Any CPU.Build.0 = Release|Any CPU
	EndGlobalSection
	GlobalSection(SolutionProperties) = preSolution
		HideSolutionNode = FALSE
	EndGlobalSection
	GlobalSection(ExtensibilityGlobals) = postSolution
		SolutionGuid = {67E451B4-D7DD-4E0F-9952-C40CDE7291FE}
	EndGlobalSection
EndGlobal
